
Microsoft Visual Studio Solution File, Format Version 12.00
# Visual Studio Version 17
VisualStudioVersion = 17.0.31903.59
MinimumVisualStudioVersion = 10.0.40219.1
Project("{FAE04EC0-301F-11D3-BF4B-00C04F79EFBC}") = "LeLdapCMerdik2", "LeLdapCMerdik2\LeLdapCMerdik2.csproj", "{A74514F4-5841-4538-A076-2DA5BC506919}"
EndProject
Global
	GlobalSection(SolutionConfigurationPlatforms) = preSolution
		Debug|Any CPU = Debug|Any CPU
		Release|Any CPU = Release|Any CPU
	EndGlobalSection
	GlobalSection(ProjectConfigurationPlatforms) = postSolution
		{A74514F4-5841-4538-A076-2DA5BC506919}.Debug|Any CPU.ActiveCfg = Debug|Any CPU
		{A74514F4-5841-4538-A076-2DA5BC506919}.Debug|Any CPU.Build.0 = Debug|Any CPU
		{A74514F4-5841-4538-A076-2DA5BC506919}.Release|Any CPU.ActiveCfg = Release|Any CPU
		{A74514F4-5841-4538-A076-2DA5BC506919}.Release|Any CPU.Build.0 = Release|Any CPU
	EndGlobalSection
	GlobalSection(SolutionProperties) = preSolution
		HideSolutionNode = FALSE
	EndGlobalSection
	GlobalSection(ExtensibilityGlobals) = postSolution
		SolutionGuid = {391ED795-417F-4763-994B-E907A0398E7C}
	EndGlobalSection
EndGlobal
